// !$*UTF8*$!
{
	archiveVersion = 1;
	classes = {
	};
	objectVersion = 50;
	objects = {

/* Begin PBXBuildFile section */
		2A31A82D2289DDE80092D8AA /* AppDelegate.swift in Sources */ = {isa = PBXBuildFile; fileRef = 2A31A82C2289DDE80092D8AA /* AppDelegate.swift */; };
		2A31A82F2289DDE80092D8AA /* ViewController.swift in Sources */ = {isa = PBXBuildFile; fileRef = 2A31A82E2289DDE80092D8AA /* ViewController.swift */; };
		2A31A8322289DDE80092D8AA /* Main.storyboard in Resources */ = {isa = PBXBuildFile; fileRef = 2A31A8302289DDE80092D8AA /* Main.storyboard */; };
		2A31A8342289DDE90092D8AA /* Assets.xcassets in Resources */ = {isa = PBXBuildFile; fileRef = 2A31A8332289DDE90092D8AA /* Assets.xcassets */; };
		2A31A8372289DDE90092D8AA /* LaunchScreen.storyboard in Resources */ = {isa = PBXBuildFile; fileRef = 2A31A8352289DDE90092D8AA /* LaunchScreen.storyboard */; };
		2A31A8422289DDE90092D8AA /* WelcomeWagonTests.swift in Sources */ = {isa = PBXBuildFile; fileRef = 2A31A8412289DDE90092D8AA /* WelcomeWagonTests.swift */; };
		2A31A84D2289DDE90092D8AA /* WelcomeWagonUITests.swift in Sources */ = {isa = PBXBuildFile; fileRef = 2A31A84C2289DDE90092D8AA /* WelcomeWagonUITests.swift */; };
/* End PBXBuildFile section */

/* Begin PBXContainerItemProxy section */
		2A31A83E2289DDE90092D8AA /* PBXContainerItemProxy */ = {
			isa = PBXContainerItemProxy;
			containerPortal = 2A31A8212289DDE80092D8AA /* Project object */;
			proxyType = 1;
			remoteGlobalIDString = 2A31A8282289DDE80092D8AA;
			remoteInfo = WelcomeWagon;
		};
		2A31A8492289DDE90092D8AA /* PBXContainerItemProxy */ = {
			isa = PBXContainerItemProxy;
			containerPortal = 2A31A8212289DDE80092D8AA /* Project object */;
			proxyType = 1;
			remoteGlobalIDString = 2A31A8282289DDE80092D8AA;
			remoteInfo = WelcomeWagon;
		};
/* End PBXContainerItemProxy section */

/* Begin PBXFileReference section */
		2A31A8292289DDE80092D8AA /* WelcomeWagon.app */ = {isa = PBXFileReference; explicitFileType = wrapper.application; includeInIndex = 0; path = WelcomeWagon.app; sourceTree = BUILT_PRODUCTS_DIR; };
		2A31A82C2289DDE80092D8AA /* AppDelegate.swift */ = {isa = PBXFileReference; lastKnownFileType = sourcecode.swift; path = AppDelegate.swift; sourceTree = "<group>"; };
		2A31A82E2289DDE80092D8AA /* ViewController.swift */ = {isa = PBXFileReference; lastKnownFileType = sourcecode.swift; path = ViewController.swift; sourceTree = "<group>"; };
		2A31A8312289DDE80092D8AA /* Base */ = {isa = PBXFileReference; lastKnownFileType = file.storyboard; name = Base; path = Base.lproj/Main.storyboard; sourceTree = "<group>"; };
		2A31A8332289DDE90092D8AA /* Assets.xcassets */ = {isa = PBXFileReference; lastKnownFileType = folder.assetcatalog; path = Assets.xcassets; sourceTree = "<group>"; };
		2A31A8362289DDE90092D8AA /* Base */ = {isa = PBXFileReference; lastKnownFileType = file.storyboard; name = Base; path = Base.lproj/LaunchScreen.storyboard; sourceTree = "<group>"; };
		2A31A8382289DDE90092D8AA /* Info.plist */ = {isa = PBXFileReference; lastKnownFileType = text.plist.xml; path = Info.plist; sourceTree = "<group>"; };
		2A31A83D2289DDE90092D8AA /* WelcomeWagonTests.xctest */ = {isa = PBXFileReference; explicitFileType = wrapper.cfbundle; includeInIndex = 0; path = WelcomeWagonTests.xctest; sourceTree = BUILT_PRODUCTS_DIR; };
		2A31A8412289DDE90092D8AA /* WelcomeWagonTests.swift */ = {isa = PBXFileReference; lastKnownFileType = sourcecode.swift; path = WelcomeWagonTests.swift; sourceTree = "<group>"; };
		2A31A8432289DDE90092D8AA /* Info.plist */ = {isa = PBXFileReference; lastKnownFileType = text.plist.xml; path = Info.plist; sourceTree = "<group>"; };
		2A31A8482289DDE90092D8AA /* WelcomeWagonUITests.xctest */ = {isa = PBXFileReference; explicitFileType = wrapper.cfbundle; includeInIndex = 0; path = WelcomeWagonUITests.xctest; sourceTree = BUILT_PRODUCTS_DIR; };
		2A31A84C2289DDE90092D8AA /* WelcomeWagonUITests.swift */ = {isa = PBXFileReference; lastKnownFileType = sourcecode.swift; path = WelcomeWagonUITests.swift; sourceTree = "<group>"; };
		2A31A84E2289DDE90092D8AA /* Info.plist */ = {isa = PBXFileReference; lastKnownFileType = text.plist.xml; path = Info.plist; sourceTree = "<group>"; };
/* End PBXFileReference section */

/* Begin PBXFrameworksBuildPhase section */
		2A31A8262289DDE80092D8AA /* Frameworks */ = {
			isa = PBXFrameworksBuildPhase;
			buildActionMask = 2147483647;
			files = (
			);
			runOnlyForDeploymentPostprocessing = 0;
		};
		2A31A83A2289DDE90092D8AA /* Frameworks */ = {
			isa = PBXFrameworksBuildPhase;
			buildActionMask = 2147483647;
			files = (
			);
			runOnlyForDeploymentPostprocessing = 0;
		};
		2A31A8452289DDE90092D8AA /* Frameworks */ = {
			isa = PBXFrameworksBuildPhase;
			buildActionMask = 2147483647;
			files = (
			);
			runOnlyForDeploymentPostprocessing = 0;
		};
/* End PBXFrameworksBuildPhase section */

/* Begin PBXGroup section */
		2A31A8202289DDE80092D8AA = {
			isa = PBXGroup;
			children = (
				2A31A82B2289DDE80092D8AA /* WelcomeWagon */,
				2A31A8402289DDE90092D8AA /* WelcomeWagonTests */,
				2A31A84B2289DDE90092D8AA /* WelcomeWagonUITests */,
				2A31A82A2289DDE80092D8AA /* Products */,
			);
			sourceTree = "<group>";
		};
		2A31A82A2289DDE80092D8AA /* Products */ = {
			isa = PBXGroup;
			children = (
				2A31A8292289DDE80092D8AA /* WelcomeWagon.app */,
				2A31A83D2289DDE90092D8AA /* WelcomeWagonTests.xctest */,
				2A31A8482289DDE90092D8AA /* WelcomeWagonUITests.xctest */,
			);
			name = Products;
			sourceTree = "<group>";
		};
		2A31A82B2289DDE80092D8AA /* WelcomeWagon */ = {
			isa = PBXGroup;
			children = (
				2A31A82C2289DDE80092D8AA /* AppDelegate.swift */,
				2A31A82E2289DDE80092D8AA /* ViewController.swift */,
				2A31A8302289DDE80092D8AA /* Main.storyboard */,
				2A31A8332289DDE90092D8AA /* Assets.xcassets */,
				2A31A8352289DDE90092D8AA /* LaunchScreen.storyboard */,
				2A31A8382289DDE90092D8AA /* Info.plist */,
			);
			path = WelcomeWagon;
			sourceTree = "<group>";
		};
		2A31A8402289DDE90092D8AA /* WelcomeWagonTests */ = {
			isa = PBXGroup;
			children = (
				2A31A8412289DDE90092D8AA /* WelcomeWagonTests.swift */,
				2A31A8432289DDE90092D8AA /* Info.plist */,
			);
			path = WelcomeWagonTests;
			sourceTree = "<group>";
		};
		2A31A84B2289DDE90092D8AA /* WelcomeWagonUITests */ = {
			isa = PBXGroup;
			children = (
				2A31A84C2289DDE90092D8AA /* WelcomeWagonUITests.swift */,
				2A31A84E2289DDE90092D8AA /* Info.plist */,
			);
			path = WelcomeWagonUITests;
			sourceTree = "<group>";
		};
/* End PBXGroup section */

/* Begin PBXNativeTarget section */
		2A31A8282289DDE80092D8AA /* WelcomeWagon */ = {
			isa = PBXNativeTarget;
			buildConfigurationList = 2A31A8512289DDE90092D8AA /* Build configuration list for PBXNativeTarget "WelcomeWagon" */;
			buildPhases = (
				2A31A8252289DDE80092D8AA /* Sources */,
				2A31A8262289DDE80092D8AA /* Frameworks */,
				2A31A8272289DDE80092D8AA /* Resources */,
			);
			buildRules = (
			);
			dependencies = (
			);
			name = WelcomeWagon;
			productName = WelcomeWagon;
			productReference = 2A31A8292289DDE80092D8AA /* WelcomeWagon.app */;
			productType = "com.apple.product-type.application";
		};
		2A31A83C2289DDE90092D8AA /* WelcomeWagonTests */ = {
			isa = PBXNativeTarget;
			buildConfigurationList = 2A31A8542289DDE90092D8AA /* Build configuration list for PBXNativeTarget "WelcomeWagonTests" */;
			buildPhases = (
				2A31A8392289DDE90092D8AA /* Sources */,
				2A31A83A2289DDE90092D8AA /* Frameworks */,
				2A31A83B2289DDE90092D8AA /* Resources */,
			);
			buildRules = (
			);
			dependencies = (
				2A31A83F2289DDE90092D8AA /* PBXTargetDependency */,
			);
			name = WelcomeWagonTests;
			productName = WelcomeWagonTests;
			productReference = 2A31A83D2289DDE90092D8AA /* WelcomeWagonTests.xctest */;
			productType = "com.apple.product-type.bundle.unit-test";
		};
		2A31A8472289DDE90092D8AA /* WelcomeWagonUITests */ = {
			isa = PBXNativeTarget;
			buildConfigurationList = 2A31A8572289DDE90092D8AA /* Build configuration list for PBXNativeTarget "WelcomeWagonUITests" */;
			buildPhases = (
				2A31A8442289DDE90092D8AA /* Sources */,
				2A31A8452289DDE90092D8AA /* Frameworks */,
				2A31A8462289DDE90092D8AA /* Resources */,
			);
			buildRules = (
			);
			dependencies = (
				2A31A84A2289DDE90092D8AA /* PBXTargetDependency */,
			);
			name = WelcomeWagonUITests;
			productName = WelcomeWagonUITests;
			productReference = 2A31A8482289DDE90092D8AA /* WelcomeWagonUITests.xctest */;
			productType = "com.apple.product-type.bundle.ui-testing";
		};
/* End PBXNativeTarget section */

/* Begin PBXProject section */
		2A31A8212289DDE80092D8AA /* Project object */ = {
			isa = PBXProject;
			attributes = {
				LastSwiftUpdateCheck = 1010;
				LastUpgradeCheck = 1010;
				ORGANIZATIONNAME = "Smaran Kapa 2021";
				TargetAttributes = {
					2A31A8282289DDE80092D8AA = {
						CreatedOnToolsVersion = 10.1;
					};
					2A31A83C2289DDE90092D8AA = {
						CreatedOnToolsVersion = 10.1;
						TestTargetID = 2A31A8282289DDE80092D8AA;
					};
					2A31A8472289DDE90092D8AA = {
						CreatedOnToolsVersion = 10.1;
						TestTargetID = 2A31A8282289DDE80092D8AA;
					};
				};
			};
			buildConfigurationList = 2A31A8242289DDE80092D8AA /* Build configuration list for PBXProject "WelcomeWagon" */;
			compatibilityVersion = "Xcode 9.3";
			developmentRegion = en;
			hasScannedForEncodings = 0;
			knownRegions = (
				en,
				Base,
			);
			mainGroup = 2A31A8202289DDE80092D8AA;
			productRefGroup = 2A31A82A2289DDE80092D8AA /* Products */;
			projectDirPath = "";
			projectRoot = "";
			targets = (
				2A31A8282289DDE80092D8AA /* WelcomeWagon */,
				2A31A83C2289DDE90092D8AA /* WelcomeWagonTests */,
				2A31A8472289DDE90092D8AA /* WelcomeWagonUITests */,
			);
		};
/* End PBXProject section */

/* Begin PBXResourcesBuildPhase section */
		2A31A8272289DDE80092D8AA /* Resources */ = {
			isa = PBXResourcesBuildPhase;
			buildActionMask = 2147483647;
			files = (
				2A31A8372289DDE90092D8AA /* LaunchScreen.storyboard in Resources */,
				2A31A8342289DDE90092D8AA /* Assets.xcassets in Resources */,
				2A31A8322289DDE80092D8AA /* Main.storyboard in Resources */,
			);
			runOnlyForDeploymentPostprocessing = 0;
		};
		2A31A83B2289DDE90092D8AA /* Resources */ = {
			isa = PBXResourcesBuildPhase;
			buildActionMask = 2147483647;
			files = (
			);
			runOnlyForDeploymentPostprocessing = 0;
		};
		2A31A8462289DDE90092D8AA /* Resources */ = {
			isa = PBXResourcesBuildPhase;
			buildActionMask = 2147483647;
			files = (
			);
			runOnlyForDeploymentPostprocessing = 0;
		};
/* End PBXResourcesBuildPhase section */

/* Begin PBXSourcesBuildPhase section */
		2A31A8252289DDE80092D8AA /* Sources */ = {
			isa = PBXSourcesBuildPhase;
			buildActionMask = 2147483647;
			files = (
				2A31A82F2289DDE80092D8AA /* ViewController.swift in Sources */,
				2A31A82D2289DDE80092D8AA /* AppDelegate.swift in Sources */,
			);
			runOnlyForDeploymentPostprocessing = 0;
		};
		2A31A8392289DDE90092D8AA /* Sources */ = {
			isa = PBXSourcesBuildPhase;
			buildActionMask = 2147483647;
			files = (
				2A31A8422289DDE90092D8AA /* WelcomeWagonTests.swift in Sources */,
			);
			runOnlyForDeploymentPostprocessing = 0;
		};
		2A31A8442289DDE90092D8AA /* Sources */ = {
			isa = PBXSourcesBuildPhase;
			buildActionMask = 2147483647;
			files = (
				2A31A84D2289DDE90092D8AA /* WelcomeWagonUITests.swift in Sources */,
			);
			runOnlyForDeploymentPostprocessing = 0;
		};
/* End PBXSourcesBuildPhase section */

/* Begin PBXTargetDependency section */
		2A31A83F2289DDE90092D8AA /* PBXTargetDependency */ = {
			isa = PBXTargetDependency;
			target = 2A31A8282289DDE80092D8AA /* WelcomeWagon */;
			targetProxy = 2A31A83E2289DDE90092D8AA /* PBXContainerItemProxy */;
		};
		2A31A84A2289DDE90092D8AA /* PBXTargetDependency */ = {
			isa = PBXTargetDependency;
			target = 2A31A8282289DDE80092D8AA /* WelcomeWagon */;
			targetProxy = 2A31A8492289DDE90092D8AA /* PBXContainerItemProxy */;
		};
/* End PBXTargetDependency section */

/* Begin PBXVariantGroup section */
		2A31A8302289DDE80092D8AA /* Main.storyboard */ = {
			isa = PBXVariantGroup;
			children = (
				2A31A8312289DDE80092D8AA /* Base */,
			);
			name = Main.storyboard;
			sourceTree = "<group>";
		};
		2A31A8352289DDE90092D8AA /* LaunchScreen.storyboard */ = {
			isa = PBXVariantGroup;
			children = (
				2A31A8362289DDE90092D8AA /* Base */,
			);
			name = LaunchScreen.storyboard;
			sourceTree = "<group>";
		};
/* End PBXVariantGroup section */

/* Begin XCBuildConfiguration section */
		2A31A84F2289DDE90092D8AA /* Debug */ = {
			isa = XCBuildConfiguration;
			buildSettings = {
				ALWAYS_SEARCH_USER_PATHS = NO;
				CLANG_ANALYZER_NONNULL = YES;
				CLANG_ANALYZER_NUMBER_OBJECT_CONVERSION = YES_AGGRESSIVE;
				CLANG_CXX_LANGUAGE_STANDARD = "gnu++14";
				CLANG_CXX_LIBRARY = "libc++";
				CLANG_ENABLE_MODULES = YES;
				CLANG_ENABLE_OBJC_ARC = YES;
				CLANG_ENABLE_OBJC_WEAK = YES;
				CLANG_WARN_BLOCK_CAPTURE_AUTORELEASING = YES;
				CLANG_WARN_BOOL_CONVERSION = YES;
				CLANG_WARN_COMMA = YES;
				CLANG_WARN_CONSTANT_CONVERSION = YES;
				CLANG_WARN_DEPRECATED_OBJC_IMPLEMENTATIONS = YES;
				CLANG_WARN_DIRECT_OBJC_ISA_USAGE = YES_ERROR;
				CLANG_WARN_DOCUMENTATION_COMMENTS = YES;
				CLANG_WARN_EMPTY_BODY = YES;
				CLANG_WARN_ENUM_CONVERSION = YES;
				CLANG_WARN_INFINITE_RECURSION = YES;
				CLANG_WARN_INT_CONVERSION = YES;
				CLANG_WARN_NON_LITERAL_NULL_CONVERSION = YES;
				CLANG_WARN_OBJC_IMPLICIT_RETAIN_SELF = YES;
				CLANG_WARN_OBJC_LITERAL_CONVERSION = YES;
				CLANG_WARN_OBJC_ROOT_CLASS = YES_ERROR;
				CLANG_WARN_RANGE_LOOP_ANALYSIS = YES;
				CLANG_WARN_STRICT_PROTOTYPES = YES;
				CLANG_WARN_SUSPICIOUS_MOVE = YES;
				CLANG_WARN_UNGUARDED_AVAILABILITY = YES_AGGRESSIVE;
				CLANG_WARN_UNREACHABLE_CODE = YES;
				CLANG_WARN__DUPLICATE_METHOD_MATCH = YES;
				CODE_SIGN_IDENTITY = "iPhone Developer";
				COPY_PHASE_STRIP = NO;
				DEBUG_INFORMATION_FORMAT = dwarf;
				ENABLE_STRICT_OBJC_MSGSEND = YES;
				ENABLE_TESTABILITY = YES;
				GCC_C_LANGUAGE_STANDARD = gnu11;
				GCC_DYNAMIC_NO_PIC = NO;
				GCC_NO_COMMON_BLOCKS = YES;
				GCC_OPTIMIZATION_LEVEL = 0;
				GCC_PREPROCESSOR_DEFINITIONS = (
					"DEBUG=1",
					"$(inherited)",
				);
				GCC_WARN_64_TO_32_BIT_CONVERSION = YES;
				GCC_WARN_ABOUT_RETURN_TYPE = YES_ERROR;
				GCC_WARN_UNDECLARED_SELECTOR = YES;
				GCC_WARN_UNINITIALIZED_AUTOS = YES_AGGRESSIVE;
				GCC_WARN_UNUSED_FUNCTION = YES;
				GCC_WARN_UNUSED_VARIABLE = YES;
				IPHONEOS_DEPLOYMENT_TARGET = 12.1;
				MTL_ENABLE_DEBUG_INFO = INCLUDE_SOURCE;
				MTL_FAST_MATH = YES;
				ONLY_ACTIVE_ARCH = YES;
				SDKROOT = iphoneos;
				SWIFT_ACTIVE_COMPILATION_CONDITIONS = DEBUG;
				SWIFT_OPTIMIZATION_LEVEL = "-Onone";
			};
			name = Debug;
		};
		2A31A8502289DDE90092D8AA /* Release */ = {
			isa = XCBuildConfiguration;
			buildSettings = {
				ALWAYS_SEARCH_USER_PATHS = NO;
				CLANG_ANALYZER_NONNULL = YES;
				CLANG_ANALYZER_NUMBER_OBJECT_CONVERSION = YES_AGGRESSIVE;
				CLANG_CXX_LANGUAGE_STANDARD = "gnu++14";
				CLANG_CXX_LIBRARY = "libc++";
				CLANG_ENABLE_MODULES = YES;
				CLANG_ENABLE_OBJC_ARC = YES;
				CLANG_ENABLE_OBJC_WEAK = YES;
				CLANG_WARN_BLOCK_CAPTURE_AUTORELEASING = YES;
				CLANG_WARN_BOOL_CONVERSION = YES;
				CLANG_WARN_COMMA = YES;
				CLANG_WARN_CONSTANT_CONVERSION = YES;
				CLANG_WARN_DEPRECATED_OBJC_IMPLEMENTATIONS = YES;
				CLANG_WARN_DIRECT_OBJC_ISA_USAGE = YES_ERROR;
				CLANG_WARN_DOCUMENTATION_COMMENTS = YES;
				CLANG_WARN_EMPTY_BODY = YES;
				CLANG_WARN_ENUM_CONVERSION = YES;
				CLANG_WARN_INFINITE_RECURSION = YES;
				CLANG_WARN_INT_CONVERSION = YES;
				CLANG_WARN_NON_LITERAL_NULL_CONVERSION = YES;
				CLANG_WARN_OBJC_IMPLICIT_RETAIN_SELF = YES;
				CLANG_WARN_OBJC_LITERAL_CONVERSION = YES;
				CLANG_WARN_OBJC_ROOT_CLASS = YES_ERROR;
				CLANG_WARN_RANGE_LOOP_ANALYSIS = YES;
				CLANG_WARN_STRICT_PROTOTYPES = YES;
				CLANG_WARN_SUSPICIOUS_MOVE = YES;
				CLANG_WARN_UNGUARDED_AVAILABILITY = YES_AGGRESSIVE;
				CLANG_WARN_UNREACHABLE_CODE = YES;
				CLANG_WARN__DUPLICATE_METHOD_MATCH = YES;
				CODE_SIGN_IDENTITY = "iPhone Developer";
				COPY_PHASE_STRIP = NO;
				DEBUG_INFORMATION_FORMAT = "dwarf-with-dsym";
				ENABLE_NS_ASSERTIONS = NO;
				ENABLE_STRICT_OBJC_MSGSEND = YES;
				GCC_C_LANGUAGE_STANDARD = gnu11;
				GCC_NO_COMMON_BLOCKS = YES;
				GCC_WARN_64_TO_32_BIT_CONVERSION = YES;
				GCC_WARN_ABOUT_RETURN_TYPE = YES_ERROR;
				GCC_WARN_UNDECLARED_SELECTOR = YES;
				GCC_WARN_UNINITIALIZED_AUTOS = YES_AGGRESSIVE;
				GCC_WARN_UNUSED_FUNCTION = YES;
				GCC_WARN_UNUSED_VARIABLE = YES;
				IPHONEOS_DEPLOYMENT_TARGET = 12.1;
				MTL_ENABLE_DEBUG_INFO = NO;
				MTL_FAST_MATH = YES;
				SDKROOT = iphoneos;
				SWIFT_COMPILATION_MODE = wholemodule;
				SWIFT_OPTIMIZATION_LEVEL = "-O";
				VALIDATE_PRODUCT = YES;
			};
			name = Release;
		};
		2A31A8522289DDE90092D8AA /* Debug */ = {
			isa = XCBuildConfiguration;
			buildSettings = {
				ASSETCATALOG_COMPILER_APPICON_NAME = AppIcon;
				CODE_SIGN_STYLE = Automatic;
				INFOPLIST_FILE = WelcomeWagon/Info.plist;
				LD_RUNPATH_SEARCH_PATHS = (
					"$(inherited)",
					"@executable_path/Frameworks",
				);
				PRODUCT_BUNDLE_IDENTIFIER = skapa.WelcomeWagon;
				PRODUCT_NAME = "$(TARGET_NAME)";
				SWIFT_VERSION = 4.2;
				TARGETED_DEVICE_FAMILY = "1,2";
			};
			name = Debug;
		};
		2A31A8532289DDE90092D8AA /* Release */ = {
			isa = XCBuildConfiguration;
			buildSettings = {
				ASSETCATALOG_COMPILER_APPICON_NAME = AppIcon;
				CODE_SIGN_STYLE = Automatic;
				INFOPLIST_FILE = WelcomeWagon/Info.plist;
				LD_RUNPATH_SEARCH_PATHS = (
					"$(inherited)",
					"@executable_path/Frameworks",
				);
				PRODUCT_BUNDLE_IDENTIFIER = skapa.WelcomeWagon;
				PRODUCT_NAME = "$(TARGET_NAME)";
				SWIFT_VERSION = 4.2;
				TARGETED_DEVICE_FAMILY = "1,2";
			};
			name = Release;
		};
		2A31A8552289DDE90092D8AA /* Debug */ = {
			isa = XCBuildConfiguration;
			buildSettings = {
				ALWAYS_EMBED_SWIFT_STANDARD_LIBRARIES = YES;
				BUNDLE_LOADER = "$(TEST_HOST)";
				CODE_SIGN_STYLE = Automatic;
				INFOPLIST_FILE = WelcomeWagonTests/Info.plist;
				LD_RUNPATH_SEARCH_PATHS = (
					"$(inherited)",
					"@executable_path/Frameworks",
					"@loader_path/Frameworks",
				);
				PRODUCT_BUNDLE_IDENTIFIER = skapa.WelcomeWagonTests;
				PRODUCT_NAME = "$(TARGET_NAME)";
				SWIFT_VERSION = 4.2;
				TARGETED_DEVICE_FAMILY = "1,2";
				TEST_HOST = "$(BUILT_PRODUCTS_DIR)/WelcomeWagon.app/WelcomeWagon";
			};
			name = Debug;
		};
		2A31A8562289DDE90092D8AA /* Release */ = {
			isa = XCBuildConfiguration;
			buildSettings = {
				ALWAYS_EMBED_SWIFT_STANDARD_LIBRARIES = YES;
				BUNDLE_LOADER = "$(TEST_HOST)";
				CODE_SIGN_STYLE = Automatic;
				INFOPLIST_FILE = WelcomeWagonTests/Info.plist;
				LD_RUNPATH_SEARCH_PATHS = (
					"$(inherited)",
					"@executable_path/Frameworks",
					"@loader_path/Frameworks",
				);
				PRODUCT_BUNDLE_IDENTIFIER = skapa.WelcomeWagonTests;
				PRODUCT_NAME = "$(TARGET_NAME)";
				SWIFT_VERSION = 4.2;
				TARGETED_DEVICE_FAMILY = "1,2";
				TEST_HOST = "$(BUILT_PRODUCTS_DIR)/WelcomeWagon.app/WelcomeWagon";
			};
			name = Release;
		};
		2A31A8582289DDE90092D8AA /* Debug */ = {
			isa = XCBuildConfiguration;
			buildSettings = {
				ALWAYS_EMBED_SWIFT_STANDARD_LIBRARIES = YES;
				CODE_SIGN_STYLE = Automatic;
				INFOPLIST_FILE = WelcomeWagonUITests/Info.plist;
				LD_RUNPATH_SEARCH_PATHS = (
					"$(inherited)",
					"@executable_path/Frameworks",
					"@loader_path/Frameworks",
				);
				PRODUCT_BUNDLE_IDENTIFIER = skapa.WelcomeWagonUITests;
				PRODUCT_NAME = "$(TARGET_NAME)";
				SWIFT_VERSION = 4.2;
				TARGETED_DEVICE_FAMILY = "1,2";
				TEST_TARGET_NAME = WelcomeWagon;
			};
			name = Debug;
		};
		2A31A8592289DDE90092D8AA /* Release */ = {
			isa = XCBuildConfiguration;
			buildSettings = {
				ALWAYS_EMBED_SWIFT_STANDARD_LIBRARIES = YES;
				CODE_SIGN_STYLE = Automatic;
				INFOPLIST_FILE = WelcomeWagonUITests/Info.plist;
				LD_RUNPATH_SEARCH_PATHS = (
					"$(inherited)",
					"@executable_path/Frameworks",
					"@loader_path/Frameworks",
				);
				PRODUCT_BUNDLE_IDENTIFIER = skapa.WelcomeWagonUITests;
				PRODUCT_NAME = "$(TARGET_NAME)";
				SWIFT_VERSION = 4.2;
				TARGETED_DEVICE_FAMILY = "1,2";
				TEST_TARGET_NAME = WelcomeWagon;
			};
			name = Release;
		};
/* End XCBuildConfiguration section */

/* Begin XCConfigurationList section */
		2A31A8242289DDE80092D8AA /* Build configuration list for PBXProject "WelcomeWagon" */ = {
			isa = XCConfigurationList;
			buildConfigurations = (
				2A31A84F2289DDE90092D8AA /* Debug */,
				2A31A8502289DDE90092D8AA /* Release */,
			);
			defaultConfigurationIsVisible = 0;
			defaultConfigurationName = Release;
		};
		2A31A8512289DDE90092D8AA /* Build configuration list for PBXNativeTarget "WelcomeWagon" */ = {
			isa = XCConfigurationList;
			buildConfigurations = (
				2A31A8522289DDE90092D8AA /* Debug */,
				2A31A8532289DDE90092D8AA /* Release */,
			);
			defaultConfigurationIsVisible = 0;
			defaultConfigurationName = Release;
		};
		2A31A8542289DDE90092D8AA /* Build configuration list for PBXNativeTarget "WelcomeWagonTests" */ = {
			isa = XCConfigurationList;
			buildConfigurations = (
				2A31A8552289DDE90092D8AA /* Debug */,
				2A31A8562289DDE90092D8AA /* Release */,
			);
			defaultConfigurationIsVisible = 0;
			defaultConfigurationName = Release;
		};
		2A31A8572289DDE90092D8AA /* Build configuration list for PBXNativeTarget "WelcomeWagonUITests" */ = {
			isa = XCConfigurationList;
			buildConfigurations = (
				2A31A8582289DDE90092D8AA /* Debug */,
				2A31A8592289DDE90092D8AA /* Release */,
			);
			defaultConfigurationIsVisible = 0;
			defaultConfigurationName = Release;
		};
/* End XCConfigurationList section */
	};
	rootObject = 2A31A8212289DDE80092D8AA /* Project object */;
}
